
Microsoft Visual Studio Solution File, Format Version 12.00
# Visual Studio Version 16
VisualStudioVersion = 16.0.33130.400
MinimumVisualStudioVersion = 10.0.40219.1
Project("{FAE04EC0-301F-11D3-BF4B-00C04F79EFBC}") = "exo-eni-1", "exo-eni-1.csproj", "{D2554DD5-0B0D-4F03-866A-4C0D572CC1DB}"
EndProject
Project("{FAE04EC0-301F-11D3-BF4B-00C04F79EFBC}") = "exo-eni-1-bis", "..\exo-eni-1-bis\exo-eni-1-bis.csproj", "{08D16631-66B8-4CB8-988F-2EF3AAB25595}"
EndProject
Project("{FAE04EC0-301F-11D3-BF4B-00C04F79EFBC}") = "exo-eni-2", "..\exo-eni-2\exo-eni-2.csproj", "{AD9B73D4-A36A-4B8C-8F89-730DFAF0B39F}"
EndProject
Global
	GlobalSection(SolutionConfigurationPlatforms) = preSolution
		Debug|Any CPU = Debug|Any CPU
		Release|Any CPU = Release|Any CPU
	EndGlobalSection
	GlobalSection(ProjectConfigurationPlatforms) = postSolution
		{D2554DD5-0B0D-4F03-866A-4C0D572CC1DB}.Debug|Any CPU.ActiveCfg = Debug|Any CPU
		{D2554DD5-0B0D-4F03-866A-4C0D572CC1DB}.Debug|Any CPU.Build.0 = Debug|Any CPU
		{D2554DD5-0B0D-4F03-866A-4C0D572CC1DB}.Release|Any CPU.ActiveCfg = Release|Any CPU
		{D2554DD5-0B0D-4F03-866A-4C0D572CC1DB}.Release|Any CPU.Build.0 = Release|Any CPU
		{08D16631-66B8-4CB8-988F-2EF3AAB25595}.Debug|Any CPU.ActiveCfg = Debug|Any CPU
		{08D16631-66B8-4CB8-988F-2EF3AAB25595}.Debug|Any CPU.Build.0 = Debug|Any CPU
		{08D16631-66B8-4CB8-988F-2EF3AAB25595}.Release|Any CPU.ActiveCfg = Release|Any CPU
		{08D16631-66B8-4CB8-988F-2EF3AAB25595}.Release|Any CPU.Build.0 = Release|Any CPU
		{AD9B73D4-A36A-4B8C-8F89-730DFAF0B39F}.Debug|Any CPU.ActiveCfg = Debug|Any CPU
		{AD9B73D4-A36A-4B8C-8F89-730DFAF0B39F}.Debug|Any CPU.Build.0 = Debug|Any CPU
		{AD9B73D4-A36A-4B8C-8F89-730DFAF0B39F}.Release|Any CPU.ActiveCfg = Release|Any CPU
		{AD9B73D4-A36A-4B8C-8F89-730DFAF0B39F}.Release|Any CPU.Build.0 = Release|Any CPU
	EndGlobalSection
	GlobalSection(SolutionProperties) = preSolution
		HideSolutionNode = FALSE
	EndGlobalSection
	GlobalSection(ExtensibilityGlobals) = postSolution
		SolutionGuid = {1E9D08FF-26BA-43D3-8309-8D9438EC6627}
	EndGlobalSection
EndGlobal
